
Microsoft Visual Studio Solution File, Format Version 12.00
# Visual Studio Version 16
VisualStudioVersion = 16.0.31624.102
MinimumVisualStudioVersion = 10.0.40219.1
Project("{FAE04EC0-301F-11D3-BF4B-00C04F79EFBC}") = "ConsoleApp2", "ConsoleApp2.csproj", "{B77228AA-2916-4046-BCE3-781EABB2155B}"
EndProject
Global
	GlobalSection(SolutionConfigurationPlatforms) = preSolution
		Debug|Any CPU = Debug|Any CPU
		Release|Any CPU = Release|Any CPU
	EndGlobalSection
	GlobalSection(ProjectConfigurationPlatforms) = postSolution
		{B77228AA-2916-4046-BCE3-781EABB2155B}.Debug|Any CPU.ActiveCfg = Debug|Any CPU
		{B77228AA-2916-4046-BCE3-781EABB2155B}.Debug|Any CPU.Build.0 = Debug|Any CPU
		{B77228AA-2916-4046-BCE3-781EABB2155B}.Release|Any CPU.ActiveCfg = Release|Any CPU
		{B77228AA-2916-4046-BCE3-781EABB2155B}.Release|Any CPU.Build.0 = Release|Any CPU
	EndGlobalSection
	GlobalSection(SolutionProperties) = preSolution
		HideSolutionNode = FALSE
	EndGlobalSection
	GlobalSection(ExtensibilityGlobals) = postSolution
		SolutionGuid = {BD7037DA-988E-47EC-911C-0D2F64EBF758}
	EndGlobalSection
EndGlobal
